
Microsoft Visual Studio Solution File, Format Version 12.00
# Visual Studio 15
VisualStudioVersion = 15.0.26124.0
MinimumVisualStudioVersion = 15.0.26124.0
Project("{2150E333-8FDC-42A3-9474-1A3956D46DE8}") = "src", "src", "{80D6E2D2-9DF3-4D30-8D49-4ABE93074073}"
EndProject
Project("{FAE04EC0-301F-11D3-BF4B-00C04F79EFBC}") = "Worker", "src\Worker\Worker.csproj", "{04DA7C3F-35E1-4B16-8376-E8A05C74A575}"
EndProject
Project("{FAE04EC0-301F-11D3-BF4B-00C04F79EFBC}") = "Abstraction", "src\Abstraction\Abstraction.csproj", "{1027B84E-24C1-4463-B585-E39C55613AC9}"
EndProject
Project("{FAE04EC0-301F-11D3-BF4B-00C04F79EFBC}") = "Infrastructure", "src\Infrastructure\Infrastructure.csproj", "{0C3C4360-4920-43B4-9C54-6875E3F5B019}"
EndProject
Project("{FAE04EC0-301F-11D3-BF4B-00C04F79EFBC}") = "Domain", "src\Domain\Domain.csproj", "{A012AA9A-1470-498C-87CB-934771178427}"
EndProject
Project("{FAE04EC0-301F-11D3-BF4B-00C04F79EFBC}") = "Robot.Tests", "src\Robot.Tests\Robot.Tests.csproj", "{C35700A3-E9CD-47FD-A5EF-83D25209FEA6}"
EndProject
Project("{FAE04EC0-301F-11D3-BF4B-00C04F79EFBC}") = "Infrastructure.Aws", "src\Infrastructure.Aws\Infrastructure.Aws.csproj", "{1174F848-6907-4F93-95FB-236257F53DE5}"
EndProject
Global
	GlobalSection(SolutionConfigurationPlatforms) = preSolution
		Debug|Any CPU = Debug|Any CPU
		Debug|x64 = Debug|x64
		Debug|x86 = Debug|x86
		Release|Any CPU = Release|Any CPU
		Release|x64 = Release|x64
		Release|x86 = Release|x86
	EndGlobalSection
	GlobalSection(SolutionProperties) = preSolution
		HideSolutionNode = FALSE
	EndGlobalSection
	GlobalSection(ProjectConfigurationPlatforms) = postSolution
		{04DA7C3F-35E1-4B16-8376-E8A05C74A575}.Debug|Any CPU.ActiveCfg = Debug|Any CPU
		{04DA7C3F-35E1-4B16-8376-E8A05C74A575}.Debug|Any CPU.Build.0 = Debug|Any CPU
		{04DA7C3F-35E1-4B16-8376-E8A05C74A575}.Debug|x64.ActiveCfg = Debug|Any CPU
		{04DA7C3F-35E1-4B16-8376-E8A05C74A575}.Debug|x64.Build.0 = Debug|Any CPU
		{04DA7C3F-35E1-4B16-8376-E8A05C74A575}.Debug|x86.ActiveCfg = Debug|Any CPU
		{04DA7C3F-35E1-4B16-8376-E8A05C74A575}.Debug|x86.Build.0 = Debug|Any CPU
		{04DA7C3F-35E1-4B16-8376-E8A05C74A575}.Release|Any CPU.ActiveCfg = Release|Any CPU
		{04DA7C3F-35E1-4B16-8376-E8A05C74A575}.Release|Any CPU.Build.0 = Release|Any CPU
		{04DA7C3F-35E1-4B16-8376-E8A05C74A575}.Release|x64.ActiveCfg = Release|Any CPU
		{04DA7C3F-35E1-4B16-8376-E8A05C74A575}.Release|x64.Build.0 = Release|Any CPU
		{04DA7C3F-35E1-4B16-8376-E8A05C74A575}.Release|x86.ActiveCfg = Release|Any CPU
		{04DA7C3F-35E1-4B16-8376-E8A05C74A575}.Release|x86.Build.0 = Release|Any CPU
		{1027B84E-24C1-4463-B585-E39C55613AC9}.Debug|Any CPU.ActiveCfg = Debug|Any CPU
		{1027B84E-24C1-4463-B585-E39C55613AC9}.Debug|Any CPU.Build.0 = Debug|Any CPU
		{1027B84E-24C1-4463-B585-E39C55613AC9}.Debug|x64.ActiveCfg = Debug|Any CPU
		{1027B84E-24C1-4463-B585-E39C55613AC9}.Debug|x64.Build.0 = Debug|Any CPU
		{1027B84E-24C1-4463-B585-E39C55613AC9}.Debug|x86.ActiveCfg = Debug|Any CPU
		{1027B84E-24C1-4463-B585-E39C55613AC9}.Debug|x86.Build.0 = Debug|Any CPU
		{1027B84E-24C1-4463-B585-E39C55613AC9}.Release|Any CPU.ActiveCfg = Release|Any CPU
		{1027B84E-24C1-4463-B585-E39C55613AC9}.Release|Any CPU.Build.0 = Release|Any CPU
		{1027B84E-24C1-4463-B585-E39C55613AC9}.Release|x64.ActiveCfg = Release|Any CPU
		{1027B84E-24C1-4463-B585-E39C55613AC9}.Release|x64.Build.0 = Release|Any CPU
		{1027B84E-24C1-4463-B585-E39C55613AC9}.Release|x86.ActiveCfg = Release|Any CPU
		{1027B84E-24C1-4463-B585-E39C55613AC9}.Release|x86.Build.0 = Release|Any CPU
		{0C3C4360-4920-43B4-9C54-6875E3F5B019}.Debug|Any CPU.ActiveCfg = Debug|Any CPU
		{0C3C4360-4920-43B4-9C54-6875E3F5B019}.Debug|Any CPU.Build.0 = Debug|Any CPU
		{0C3C4360-4920-43B4-9C54-6875E3F5B019}.Debug|x64.ActiveCfg = Debug|Any CPU
		{0C3C4360-4920-43B4-9C54-6875E3F5B019}.Debug|x64.Build.0 = Debug|Any CPU
		{0C3C4360-4920-43B4-9C54-6875E3F5B019}.Debug|x86.ActiveCfg = Debug|Any CPU
		{0C3C4360-4920-43B4-9C54-6875E3F5B019}.Debug|x86.Build.0 = Debug|Any CPU
		{0C3C4360-4920-43B4-9C54-6875E3F5B019}.Release|Any CPU.ActiveCfg = Release|Any CPU
		{0C3C4360-4920-43B4-9C54-6875E3F5B019}.Release|Any CPU.Build.0 = Release|Any CPU
		{0C3C4360-4920-43B4-9C54-6875E3F5B019}.Release|x64.ActiveCfg = Release|Any CPU
		{0C3C4360-4920-43B4-9C54-6875E3F5B019}.Release|x64.Build.0 = Release|Any CPU
		{0C3C4360-4920-43B4-9C54-6875E3F5B019}.Release|x86.ActiveCfg = Release|Any CPU
		{0C3C4360-4920-43B4-9C54-6875E3F5B019}.Release|x86.Build.0 = Release|Any CPU
		{A012AA9A-1470-498C-87CB-934771178427}.Debug|Any CPU.ActiveCfg = Debug|Any CPU
		{A012AA9A-1470-498C-87CB-934771178427}.Debug|Any CPU.Build.0 = Debug|Any CPU
		{A012AA9A-1470-498C-87CB-934771178427}.Debug|x64.ActiveCfg = Debug|Any CPU
		{A012AA9A-1470-498C-87CB-934771178427}.Debug|x64.Build.0 = Debug|Any CPU
		{A012AA9A-1470-498C-87CB-934771178427}.Debug|x86.ActiveCfg = Debug|Any CPU
		{A012AA9A-1470-498C-87CB-934771178427}.Debug|x86.Build.0 = Debug|Any CPU
		{A012AA9A-1470-498C-87CB-934771178427}.Release|Any CPU.ActiveCfg = Release|Any CPU
		{A012AA9A-1470-498C-87CB-934771178427}.Release|Any CPU.Build.0 = Release|Any CPU
		{A012AA9A-1470-498C-87CB-934771178427}.Release|x64.ActiveCfg = Release|Any CPU
		{A012AA9A-1470-498C-87CB-934771178427}.Release|x64.Build.0 = Release|Any CPU
		{A012AA9A-1470-498C-87CB-934771178427}.Release|x86.ActiveCfg = Release|Any CPU
		{A012AA9A-1470-498C-87CB-934771178427}.Release|x86.Build.0 = Release|Any CPU
		{C35700A3-E9CD-47FD-A5EF-83D25209FEA6}.Debug|Any CPU.ActiveCfg = Debug|Any CPU
		{C35700A3-E9CD-47FD-A5EF-83D25209FEA6}.Debug|Any CPU.Build.0 = Debug|Any CPU
		{C35700A3-E9CD-47FD-A5EF-83D25209FEA6}.Debug|x64.ActiveCfg = Debug|Any CPU
		{C35700A3-E9CD-47FD-A5EF-83D25209FEA6}.Debug|x64.Build.0 = Debug|Any CPU
		{C35700A3-E9CD-47FD-A5EF-83D25209FEA6}.Debug|x86.ActiveCfg = Debug|Any CPU
		{C35700A3-E9CD-47FD-A5EF-83D25209FEA6}.Debug|x86.Build.0 = Debug|Any CPU
		{C35700A3-E9CD-47FD-A5EF-83D25209FEA6}.Release|Any CPU.ActiveCfg = Release|Any CPU
		{C35700A3-E9CD-47FD-A5EF-83D25209FEA6}.Release|Any CPU.Build.0 = Release|Any CPU
		{C35700A3-E9CD-47FD-A5EF-83D25209FEA6}.Release|x64.ActiveCfg = Release|Any CPU
		{C35700A3-E9CD-47FD-A5EF-83D25209FEA6}.Release|x64.Build.0 = Release|Any CPU
		{C35700A3-E9CD-47FD-A5EF-83D25209FEA6}.Release|x86.ActiveCfg = Release|Any CPU
		{C35700A3-E9CD-47FD-A5EF-83D25209FEA6}.Release|x86.Build.0 = Release|Any CPU
		{1174F848-6907-4F93-95FB-236257F53DE5}.Debug|Any CPU.ActiveCfg = Debug|Any CPU
		{1174F848-6907-4F93-95FB-236257F53DE5}.Debug|Any CPU.Build.0 = Debug|Any CPU
		{1174F848-6907-4F93-95FB-236257F53DE5}.Debug|x64.ActiveCfg = Debug|Any CPU
		{1174F848-6907-4F93-95FB-236257F53DE5}.Debug|x64.Build.0 = Debug|Any CPU
		{1174F848-6907-4F93-95FB-236257F53DE5}.Debug|x86.ActiveCfg = Debug|Any CPU
		{1174F848-6907-4F93-95FB-236257F53DE5}.Debug|x86.Build.0 = Debug|Any CPU
		{1174F848-6907-4F93-95FB-236257F53DE5}.Release|Any CPU.ActiveCfg = Release|Any CPU
		{1174F848-6907-4F93-95FB-236257F53DE5}.Release|Any CPU.Build.0 = Release|Any CPU
		{1174F848-6907-4F93-95FB-236257F53DE5}.Release|x64.ActiveCfg = Release|Any CPU
		{1174F848-6907-4F93-95FB-236257F53DE5}.Release|x64.Build.0 = Release|Any CPU
		{1174F848-6907-4F93-95FB-236257F53DE5}.Release|x86.ActiveCfg = Release|Any CPU
		{1174F848-6907-4F93-95FB-236257F53DE5}.Release|x86.Build.0 = Release|Any CPU
	EndGlobalSection
	GlobalSection(NestedProjects) = preSolution
		{04DA7C3F-35E1-4B16-8376-E8A05C74A575} = {80D6E2D2-9DF3-4D30-8D49-4ABE93074073}
		{1027B84E-24C1-4463-B585-E39C55613AC9} = {80D6E2D2-9DF3-4D30-8D49-4ABE93074073}
		{0C3C4360-4920-43B4-9C54-6875E3F5B019} = {80D6E2D2-9DF3-4D30-8D49-4ABE93074073}
		{A012AA9A-1470-498C-87CB-934771178427} = {80D6E2D2-9DF3-4D30-8D49-4ABE93074073}
		{C35700A3-E9CD-47FD-A5EF-83D25209FEA6} = {80D6E2D2-9DF3-4D30-8D49-4ABE93074073}
		{1174F848-6907-4F93-95FB-236257F53DE5} = {80D6E2D2-9DF3-4D30-8D49-4ABE93074073}
	EndGlobalSection
EndGlobal
